hash: 8a004ab7065ba8499dcc569774f7d22c413bfdbd96058746022a94a666a162cc
updated: 2018-05-20T21:59:36.881455+09:00
imports:
- name: github.com/golang/snappy
  version: 2e65f85255dbc3072edf28d6b5b8efc472979f5a
- name: github.com/it-chain/leveldb-wrapper
  version: 3ece449cc1f7b3b934d322e39543485021dabbf0
  subpackages:
  - key_value_db
- name: github.com/streadway/amqp
  version: 8e4aba63da9fc5571e01c6a45dc809a58cbc5a68
- name: github.com/stretchr/testify
  version: 12b6f73e6084dad08a7c6e575284b177ecafbc71
  subpackages:
  - assert
- name: github.com/syndtr/goleveldb
  version: e6d6b529196422703d54ff5c40e79809ec2020b3
  subpackages:
  - leveldb
  - leveldb/cache
  - leveldb/comparer
  - leveldb/errors
  - leveldb/filter
  - leveldb/iterator
  - leveldb/journal
  - leveldb/memdb
  - leveldb/opt
  - leveldb/storage
  - leveldb/table
  - leveldb/util
testImports:
- name: github.com/davecgh/go-spew
  version: 8991bc29aa16c548c550c7ff78260e27b9ab7c73
  subpackages:
  - spew
- name: github.com/pmezard/go-difflib
  version: 792786c7400a136282c1664665ae0a8db921c6c2
  subpackages:
  - difflib
